PODS:
  - Allegro (0.2.0)
  - PrimarySource (0.11.1)

DEPENDENCIES:
  - Allegro (from `..`)
  - PrimarySource (from `git@github.com:sadawi/PrimarySource`, tag `0.12.0`)

EXTERNAL SOURCES:
  Allegro:
    :path: ".."
  PrimarySource:
    :git: git@github.com:sadawi/PrimarySource
    :tag: 0.12.0

CHECKOUT OPTIONS:
  PrimarySource:
    :git: git@github.com:sadawi/PrimarySource
    :tag: 0.12.0

SPEC CHECKSUMS:
  Allegro: 1000ceb3a80bb307a178c5141933104c1f06f808
  PrimarySource: 5fa08bd6888e39d566439867c5a0ce870c953e21

PODFILE CHECKSUM: d882faa86324e674ecdeb0681ca15795dc55ecd6

COCOAPODS: 1.1.1
